
Microsoft Visual Studio Solution File, Format Version 12.00
# Visual Studio Version 17
VisualStudioVersion = 17.3.32901.215
MinimumVisualStudioVersion = 10.0.40219.1
Project("{FAE04EC0-301F-11D3-BF4B-00C04F79EFBC}") = "LambdaExpressionProblem", "LambdaExpressionProblem\LambdaExpressionProblem.csproj", "{A9957ED1-0FCA-41C1-A0F9-4CC280FAF725}"
EndProject
Global
	GlobalSection(SolutionConfigurationPlatforms) = preSolution
		Debug|Any CPU = Debug|Any CPU
		Release|Any CPU = Release|Any CPU
	EndGlobalSection
	GlobalSection(ProjectConfigurationPlatforms) = postSolution
		{A9957ED1-0FCA-41C1-A0F9-4CC280FAF725}.Debug|Any CPU.ActiveCfg = Debug|Any CPU
		{A9957ED1-0FCA-41C1-A0F9-4CC280FAF725}.Debug|Any CPU.Build.0 = Debug|Any CPU
		{A9957ED1-0FCA-41C1-A0F9-4CC280FAF725}.Release|Any CPU.ActiveCfg = Release|Any CPU
		{A9957ED1-0FCA-41C1-A0F9-4CC280FAF725}.Release|Any CPU.Build.0 = Release|Any CPU
	EndGlobalSection
	GlobalSection(SolutionProperties) = preSolution
		HideSolutionNode = FALSE
	EndGlobalSection
	GlobalSection(ExtensibilityGlobals) = postSolution
		SolutionGuid = {DFB589A3-2BC4-4FA0-8A65-B0560E4382F6}
	EndGlobalSection
EndGlobal
